// !$*UTF8*$!
{
	archiveVersion = 1;
	classes = {
	};
	objectVersion = 55;
	objects = {

/* Begin PBXBuildFile section */
		B2A0AF7D28B5C9D100604F4A /* Assignment_Lecture_1_To_4_MoreMemorizeApp.swift in Sources */ = {isa = PBXBuildFile; fileRef = B2A0AF7C28B5C9D100604F4A /* Assignment_Lecture_1_To_4_MoreMemorizeApp.swift */; };
		B2A0AF7F28B5C9D100604F4A /* ContentView.swift in Sources */ = {isa = PBXBuildFile; fileRef = B2A0AF7E28B5C9D100604F4A /* ContentView.swift */; };
		B2A0AF8128B5C9D300604F4A /* Assets.xcassets in Resources */ = {isa = PBXBuildFile; fileRef = B2A0AF8028B5C9D300604F4A /* Assets.xcassets */; };
		B2A0AF8428B5C9D300604F4A /* Preview Assets.xcassets in Resources */ = {isa = PBXBuildFile; fileRef = B2A0AF8328B5C9D300604F4A /* Preview Assets.xcassets */; };
		B2A0AF8B28B5CA3E00604F4A /* EmojiMemoryGame.swift in Sources */ = {isa = PBXBuildFile; fileRef = B2A0AF8A28B5CA3E00604F4A /* EmojiMemoryGame.swift */; };
		B2A0AF8E28B5CA6800604F4A /* MemoryGame.swift in Sources */ = {isa = PBXBuildFile; fileRef = B2A0AF8D28B5CA6800604F4A /* MemoryGame.swift */; };
		B2A0AF9228B716F700604F4A /* MemoryGameView.swift in Sources */ = {isa = PBXBuildFile; fileRef = B2A0AF9128B716F700604F4A /* MemoryGameView.swift */; };
/* End PBXBuildFile section */

/* Begin PBXFileReference section */
		B2A0AF7928B5C9D100604F4A /* Assignment_Lecture_1_To_4_MoreMemorize.app */ = {isa = PBXFileReference; explicitFileType = wrapper.application; includeInIndex = 0; path = Assignment_Lecture_1_To_4_MoreMemorize.app; sourceTree = BUILT_PRODUCTS_DIR; };
		B2A0AF7C28B5C9D100604F4A /* Assignment_Lecture_1_To_4_MoreMemorizeApp.swift */ = {isa = PBXFileReference; lastKnownFileType = sourcecode.swift; path = Assignment_Lecture_1_To_4_MoreMemorizeApp.swift; sourceTree = "<group>"; };
		B2A0AF7E28B5C9D100604F4A /* ContentView.swift */ = {isa = PBXFileReference; lastKnownFileType = sourcecode.swift; path = ContentView.swift; sourceTree = "<group>"; };
		B2A0AF8028B5C9D300604F4A /* Assets.xcassets */ = {isa = PBXFileReference; lastKnownFileType = folder.assetcatalog; path = Assets.xcassets; sourceTree = "<group>"; };
		B2A0AF8328B5C9D300604F4A /* Preview Assets.xcassets */ = {isa = PBXFileReference; lastKnownFileType = folder.assetcatalog; path = "Preview Assets.xcassets"; sourceTree = "<group>"; };
		B2A0AF8A28B5CA3E00604F4A /* EmojiMemoryGame.swift */ = {isa = PBXFileReference; lastKnownFileType = sourcecode.swift; path = EmojiMemoryGame.swift; sourceTree = "<group>"; };
		B2A0AF8D28B5CA6800604F4A /* MemoryGame.swift */ = {isa = PBXFileReference; lastKnownFileType = sourcecode.swift; path = MemoryGame.swift; sourceTree = "<group>"; };
		B2A0AF9128B716F700604F4A /* MemoryGameView.swift */ = {isa = PBXFileReference; lastKnownFileType = sourcecode.swift; path = MemoryGameView.swift; sourceTree = "<group>"; };
/* End PBXFileReference section */

/* Begin PBXFrameworksBuildPhase section */
		B2A0AF7628B5C9D100604F4A /* Frameworks */ = {
			isa = PBXFrameworksBuildPhase;
			buildActionMask = 2147483647;
			files = (
			);
			runOnlyForDeploymentPostprocessing = 0;
		};
/* End PBXFrameworksBuildPhase section */

/* Begin PBXGroup section */
		B2A0AF7028B5C9D100604F4A = {
			isa = PBXGroup;
			children = (
				B2A0AF7B28B5C9D100604F4A /* Assignment_Lecture_1_To_4_MoreMemorize */,
				B2A0AF7A28B5C9D100604F4A /* Products */,
			);
			sourceTree = "<group>";
		};
		B2A0AF7A28B5C9D100604F4A /* Products */ = {
			isa = PBXGroup;
			children = (
				B2A0AF7928B5C9D100604F4A /* Assignment_Lecture_1_To_4_MoreMemorize.app */,
			);
			name = Products;
			sourceTree = "<group>";
		};
		B2A0AF7B28B5C9D100604F4A /* Assignment_Lecture_1_To_4_MoreMemorize */ = {
			isa = PBXGroup;
			children = (
				B2A0AF8D28B5CA6800604F4A /* MemoryGame.swift */,
				B2A0AF8A28B5CA3E00604F4A /* EmojiMemoryGame.swift */,
				B2A0AF7C28B5C9D100604F4A /* Assignment_Lecture_1_To_4_MoreMemorizeApp.swift */,
				B2A0AF7E28B5C9D100604F4A /* ContentView.swift */,
				B2A0AF8028B5C9D300604F4A /* Assets.xcassets */,
				B2A0AF8228B5C9D300604F4A /* Preview Content */,
				B2A0AF9128B716F700604F4A /* MemoryGameView.swift */,
			);
			path = Assignment_Lecture_1_To_4_MoreMemorize;
			sourceTree = "<group>";
		};
		B2A0AF8228B5C9D300604F4A /* Preview Content */ = {
			isa = PBXGroup;
			children = (
				B2A0AF8328B5C9D300604F4A /* Preview Assets.xcassets */,
			);
			path = "Preview Content";
			sourceTree = "<group>";
		};
/* End PBXGroup section */

/* Begin PBXNativeTarget section */
		B2A0AF7828B5C9D100604F4A /* Assignment_Lecture_1_To_4_MoreMemorize */ = {
			isa = PBXNativeTarget;
			buildConfigurationList = B2A0AF8728B5C9D300604F4A /* Build configuration list for PBXNativeTarget "Assignment_Lecture_1_To_4_MoreMemorize" */;
			buildPhases = (
				B2A0AF7528B5C9D100604F4A /* Sources */,
				B2A0AF7628B5C9D100604F4A /* Frameworks */,
				B2A0AF7728B5C9D100604F4A /* Resources */,
			);
			buildRules = (
			);
			dependencies = (
			);
			name = Assignment_Lecture_1_To_4_MoreMemorize;
			productName = Assignment_Lecture_1_To_4_MoreMemorize;
			productReference = B2A0AF7928B5C9D100604F4A /* Assignment_Lecture_1_To_4_MoreMemorize.app */;
			productType = "com.apple.product-type.application";
		};
/* End PBXNativeTarget section */

/* Begin PBXProject section */
		B2A0AF7128B5C9D100604F4A /* Project object */ = {
			isa = PBXProject;
			attributes = {
				BuildIndependentTargetsInParallel = 1;
				LastSwiftUpdateCheck = 1340;
				LastUpgradeCheck = 1340;
				TargetAttributes = {
					B2A0AF7828B5C9D100604F4A = {
						CreatedOnToolsVersion = 13.4.1;
					};
				};
			};
			buildConfigurationList = B2A0AF7428B5C9D100604F4A /* Build configuration list for PBXProject "Assignment_Lecture_1_To_4_MoreMemorize" */;
			compatibilityVersion = "Xcode 13.0";
			developmentRegion = en;
			hasScannedForEncodings = 0;
			knownRegions = (
				en,
				Base,
			);
			mainGroup = B2A0AF7028B5C9D100604F4A;
			productRefGroup = B2A0AF7A28B5C9D100604F4A /* Products */;
			projectDirPath = "";
			projectRoot = "";
			targets = (
				B2A0AF7828B5C9D100604F4A /* Assignment_Lecture_1_To_4_MoreMemorize */,
			);
		};
/* End PBXProject section */

/* Begin PBXResourcesBuildPhase section */
		B2A0AF7728B5C9D100604F4A /* Resources */ = {
			isa = PBXResourcesBuildPhase;
			buildActionMask = 2147483647;
			files = (
				B2A0AF8428B5C9D300604F4A /* Preview Assets.xcassets in Resources */,
				B2A0AF8128B5C9D300604F4A /* Assets.xcassets in Resources */,
			);
			runOnlyForDeploymentPostprocessing = 0;
		};
/* End PBXResourcesBuildPhase section */

/* Begin PBXSourcesBuildPhase section */
		B2A0AF7528B5C9D100604F4A /* Sources */ = {
			isa = PBXSourcesBuildPhase;
			buildActionMask = 2147483647;
			files = (
				B2A0AF7F28B5C9D100604F4A /* ContentView.swift in Sources */,
				B2A0AF7D28B5C9D100604F4A /* Assignment_Lecture_1_To_4_MoreMemorizeApp.swift in Sources */,
				B2A0AF8E28B5CA6800604F4A /* MemoryGame.swift in Sources */,
				B2A0AF9228B716F700604F4A /* MemoryGameView.swift in Sources */,
				B2A0AF8B28B5CA3E00604F4A /* EmojiMemoryGame.swift in Sources */,
			);
			runOnlyForDeploymentPostprocessing = 0;
		};
/* End PBXSourcesBuildPhase section */

/* Begin XCBuildConfiguration section */
		B2A0AF8528B5C9D300604F4A /* Debug */ = {
			isa = XCBuildConfiguration;
			buildSettings = {
				ALWAYS_SEARCH_USER_PATHS = NO;
				CLANG_ANALYZER_NONNULL = YES;
				CLANG_ANALYZER_NUMBER_OBJECT_CONVERSION = YES_AGGRESSIVE;
				CLANG_CXX_LANGUAGE_STANDARD = "gnu++17";
				CLANG_ENABLE_MODULES = YES;
				CLANG_ENABLE_OBJC_ARC = YES;
				CLANG_ENABLE_OBJC_WEAK = YES;
				CLANG_WARN_BLOCK_CAPTURE_AUTORELEASING = YES;
				CLANG_WARN_BOOL_CONVERSION = YES;
				CLANG_WARN_COMMA = YES;
				CLANG_WARN_CONSTANT_CONVERSION = YES;
				CLANG_WARN_DEPRECATED_OBJC_IMPLEMENTATIONS = YES;
				CLANG_WARN_DIRECT_OBJC_ISA_USAGE = YES_ERROR;
				CLANG_WARN_DOCUMENTATION_COMMENTS = YES;
				CLANG_WARN_EMPTY_BODY = YES;
				CLANG_WARN_ENUM_CONVERSION = YES;
				CLANG_WARN_INFINITE_RECURSION = YES;
				CLANG_WARN_INT_CONVERSION = YES;
				CLANG_WARN_NON_LITERAL_NULL_CONVERSION = YES;
				CLANG_WARN_OBJC_IMPLICIT_RETAIN_SELF = YES;
				CLANG_WARN_OBJC_LITERAL_CONVERSION = YES;
				CLANG_WARN_OBJC_ROOT_CLASS = YES_ERROR;
				CLANG_WARN_QUOTED_INCLUDE_IN_FRAMEWORK_HEADER = YES;
				CLANG_WARN_RANGE_LOOP_ANALYSIS = YES;
				CLANG_WARN_STRICT_PROTOTYPES = YES;
				CLANG_WARN_SUSPICIOUS_MOVE = YES;
				CLANG_WARN_UNGUARDED_AVAILABILITY = YES_AGGRESSIVE;
				CLANG_WARN_UNREACHABLE_CODE = YES;
				CLANG_WARN__DUPLICATE_METHOD_MATCH = YES;
				COPY_PHASE_STRIP = NO;
				DEBUG_INFORMATION_FORMAT = dwarf;
				ENABLE_STRICT_OBJC_MSGSEND = YES;
				ENABLE_TESTABILITY = YES;
				GCC_C_LANGUAGE_STANDARD = gnu11;
				GCC_DYNAMIC_NO_PIC = NO;
				GCC_NO_COMMON_BLOCKS = YES;
				GCC_OPTIMIZATION_LEVEL = 0;
				GCC_PREPROCESSOR_DEFINITIONS = (
					"DEBUG=1",
					"$(inherited)",
				);
				GCC_WARN_64_TO_32_BIT_CONVERSION = YES;
				GCC_WARN_ABOUT_RETURN_TYPE = YES_ERROR;
				GCC_WARN_UNDECLARED_SELECTOR = YES;
				GCC_WARN_UNINITIALIZED_AUTOS = YES_AGGRESSIVE;
				GCC_WARN_UNUSED_FUNCTION = YES;
				GCC_WARN_UNUSED_VARIABLE = YES;
				IPHONEOS_DEPLOYMENT_TARGET = 15.5;
				MTL_ENABLE_DEBUG_INFO = INCLUDE_SOURCE;
				MTL_FAST_MATH = YES;
				ONLY_ACTIVE_ARCH = YES;
				SDKROOT = iphoneos;
				SWIFT_ACTIVE_COMPILATION_CONDITIONS = DEBUG;
				SWIFT_OPTIMIZATION_LEVEL = "-Onone";
			};
			name = Debug;
		};
		B2A0AF8628B5C9D300604F4A /* Release */ = {
			isa = XCBuildConfiguration;
			buildSettings = {
				ALWAYS_SEARCH_USER_PATHS = NO;
				CLANG_ANALYZER_NONNULL = YES;
				CLANG_ANALYZER_NUMBER_OBJECT_CONVERSION = YES_AGGRESSIVE;
				CLANG_CXX_LANGUAGE_STANDARD = "gnu++17";
				CLANG_ENABLE_MODULES = YES;
				CLANG_ENABLE_OBJC_ARC = YES;
				CLANG_ENABLE_OBJC_WEAK = YES;
				CLANG_WARN_BLOCK_CAPTURE_AUTORELEASING = YES;
				CLANG_WARN_BOOL_CONVERSION = YES;
				CLANG_WARN_COMMA = YES;
				CLANG_WARN_CONSTANT_CONVERSION = YES;
				CLANG_WARN_DEPRECATED_OBJC_IMPLEMENTATIONS = YES;
				CLANG_WARN_DIRECT_OBJC_ISA_USAGE = YES_ERROR;
				CLANG_WARN_DOCUMENTATION_COMMENTS = YES;
				CLANG_WARN_EMPTY_BODY = YES;
				CLANG_WARN_ENUM_CONVERSION = YES;
				CLANG_WARN_INFINITE_RECURSION = YES;
				CLANG_WARN_INT_CONVERSION = YES;
				CLANG_WARN_NON_LITERAL_NULL_CONVERSION = YES;
				CLANG_WARN_OBJC_IMPLICIT_RETAIN_SELF = YES;
				CLANG_WARN_OBJC_LITERAL_CONVERSION = YES;
				CLANG_WARN_OBJC_ROOT_CLASS = YES_ERROR;
				CLANG_WARN_QUOTED_INCLUDE_IN_FRAMEWORK_HEADER = YES;
				CLANG_WARN_RANGE_LOOP_ANALYSIS = YES;
				CLANG_WARN_STRICT_PROTOTYPES = YES;
				CLANG_WARN_SUSPICIOUS_MOVE = YES;
				CLANG_WARN_UNGUARDED_AVAILABILITY = YES_AGGRESSIVE;
				CLANG_WARN_UNREACHABLE_CODE = YES;
				CLANG_WARN__DUPLICATE_METHOD_MATCH = YES;
				COPY_PHASE_STRIP = NO;
				DEBUG_INFORMATION_FORMAT = "dwarf-with-dsym";
				ENABLE_NS_ASSERTIONS = NO;
				ENABLE_STRICT_OBJC_MSGSEND = YES;
				GCC_C_LANGUAGE_STANDARD = gnu11;
				GCC_NO_COMMON_BLOCKS = YES;
				GCC_WARN_64_TO_32_BIT_CONVERSION = YES;
				GCC_WARN_ABOUT_RETURN_TYPE = YES_ERROR;
				GCC_WARN_UNDECLARED_SELECTOR = YES;
				GCC_WARN_UNINITIALIZED_AUTOS = YES_AGGRESSIVE;
				GCC_WARN_UNUSED_FUNCTION = YES;
				GCC_WARN_UNUSED_VARIABLE = YES;
				IPHONEOS_DEPLOYMENT_TARGET = 15.5;
				MTL_ENABLE_DEBUG_INFO = NO;
				MTL_FAST_MATH = YES;
				SDKROOT = iphoneos;
				SWIFT_COMPILATION_MODE = wholemodule;
				SWIFT_OPTIMIZATION_LEVEL = "-O";
				VALIDATE_PRODUCT = YES;
			};
			name = Release;
		};
		B2A0AF8828B5C9D300604F4A /* Debug */ = {
			isa = XCBuildConfiguration;
			buildSettings = {
				ASSETCATALOG_COMPILER_APPICON_NAME = AppIcon;
				ASSETCATALOG_COMPILER_GLOBAL_ACCENT_COLOR_NAME = AccentColor;
				CODE_SIGN_STYLE = Automatic;
				CURRENT_PROJECT_VERSION = 1;
				DEVELOPMENT_ASSET_PATHS = "\"Assignment_Lecture_1_To_4_MoreMemorize/Preview Content\"";
				DEVELOPMENT_TEAM = L73M8R7276;
				ENABLE_PREVIEWS = YES;
				GENERATE_INFOPLIST_FILE = YES;
				INFOPLIST_KEY_UIApplicationSceneManifest_Generation = YES;
				INFOPLIST_KEY_UIApplicationSupportsIndirectInputEvents = YES;
				INFOPLIST_KEY_UILaunchScreen_Generation = YES;
				INFOPLIST_KEY_UISupportedInterfaceOrientations_iPad = "UIInterfaceOrientationPortrait UIInterfaceOrientationPortraitUpsideDown UIInterfaceOrientationLandscapeLeft UIInterfaceOrientationLandscapeRight";
				INFOPLIST_KEY_UISupportedInterfaceOrientations_iPhone = "UIInterfaceOrientationPortrait UIInterfaceOrientationLandscapeLeft UIInterfaceOrientationLandscapeRight";
				LD_RUNPATH_SEARCH_PATHS = (
					"$(inherited)",
					"@executable_path/Frameworks",
				);
				MARKETING_VERSION = 1.0;
				PRODUCT_BUNDLE_IDENTIFIER = "leemccormick.Assignment-Lecture-1-To-4-MoreMemorize";
				PRODUCT_NAME = "$(TARGET_NAME)";
				SWIFT_EMIT_LOC_STRINGS = YES;
				SWIFT_VERSION = 5.0;
				TARGETED_DEVICE_FAMILY = "1,2";
			};
			name = Debug;
		};
		B2A0AF8928B5C9D300604F4A /* Release */ = {
			isa = XCBuildConfiguration;
			buildSettings = {
				ASSETCATALOG_COMPILER_APPICON_NAME = AppIcon;
				ASSETCATALOG_COMPILER_GLOBAL_ACCENT_COLOR_NAME = AccentColor;
				CODE_SIGN_STYLE = Automatic;
				CURRENT_PROJECT_VERSION = 1;
				DEVELOPMENT_ASSET_PATHS = "\"Assignment_Lecture_1_To_4_MoreMemorize/Preview Content\"";
				DEVELOPMENT_TEAM = L73M8R7276;
				ENABLE_PREVIEWS = YES;
				GENERATE_INFOPLIST_FILE = YES;
				INFOPLIST_KEY_UIApplicationSceneManifest_Generation = YES;
				INFOPLIST_KEY_UIApplicationSupportsIndirectInputEvents = YES;
				INFOPLIST_KEY_UILaunchScreen_Generation = YES;
				INFOPLIST_KEY_UISupportedInterfaceOrientations_iPad = "UIInterfaceOrientationPortrait UIInterfaceOrientationPortraitUpsideDown UIInterfaceOrientationLandscapeLeft UIInterfaceOrientationLandscapeRight";
				INFOPLIST_KEY_UISupportedInterfaceOrientations_iPhone = "UIInterfaceOrientationPortrait UIInterfaceOrientationLandscapeLeft UIInterfaceOrientationLandscapeRight";
				LD_RUNPATH_SEARCH_PATHS = (
					"$(inherited)",
					"@executable_path/Frameworks",
				);
				MARKETING_VERSION = 1.0;
				PRODUCT_BUNDLE_IDENTIFIER = "leemccormick.Assignment-Lecture-1-To-4-MoreMemorize";
				PRODUCT_NAME = "$(TARGET_NAME)";
				SWIFT_EMIT_LOC_STRINGS = YES;
				SWIFT_VERSION = 5.0;
				TARGETED_DEVICE_FAMILY = "1,2";
			};
			name = Release;
		};
/* End XCBuildConfiguration section */

/* Begin XCConfigurationList section */
		B2A0AF7428B5C9D100604F4A /* Build configuration list for PBXProject "Assignment_Lecture_1_To_4_MoreMemorize" */ = {
			isa = XCConfigurationList;
			buildConfigurations = (
				B2A0AF8528B5C9D300604F4A /* Debug */,
				B2A0AF8628B5C9D300604F4A /* Release */,
			);
			defaultConfigurationIsVisible = 0;
			defaultConfigurationName = Release;
		};
		B2A0AF8728B5C9D300604F4A /* Build configuration list for PBXNativeTarget "Assignment_Lecture_1_To_4_MoreMemorize" */ = {
			isa = XCConfigurationList;
			buildConfigurations = (
				B2A0AF8828B5C9D300604F4A /* Debug */,
				B2A0AF8928B5C9D300604F4A /* Release */,
			);
			defaultConfigurationIsVisible = 0;
			defaultConfigurationName = Release;
		};
/* End XCConfigurationList section */
	};
	rootObject = B2A0AF7128B5C9D100604F4A /* Project object */;
}
